
Microsoft Visual Studio Solution File, Format Version 12.00
# Visual Studio Version 16
VisualStudioVersion = 16.0.31424.327
MinimumVisualStudioVersion = 10.0.40219.1
Project("{FAE04EC0-301F-11D3-BF4B-00C04F79EFBC}") = "ContactsApp.API", "ContactsApp.API\ContactsApp.API.csproj", "{C3791BE6-6CEF-457B-9740-8A0A702550B6}"
EndProject
Project("{FAE04EC0-301F-11D3-BF4B-00C04F79EFBC}") = "ContactsApp.DAL", "ContactsApp.DAL\ContactsApp.DAL.csproj", "{16B54D82-C34A-4612-B54D-451F99D9ACF3}"
EndProject
Project("{9A19103F-16F7-4668-BE54-9A1E7A4F7556}") = "ToolBox.AutoMapper", "ToolBox.AutoMapper\ToolBox.AutoMapper.csproj", "{859AE484-222F-40A3-85BB-A77A78A2CA21}"
EndProject
Global
	GlobalSection(SolutionConfigurationPlatforms) = preSolution
		Debug|Any CPU = Debug|Any CPU
		Release|Any CPU = Release|Any CPU
	EndGlobalSection
	GlobalSection(ProjectConfigurationPlatforms) = postSolution
		{C3791BE6-6CEF-457B-9740-8A0A702550B6}.Debug|Any CPU.ActiveCfg = Debug|Any CPU
		{C3791BE6-6CEF-457B-9740-8A0A702550B6}.Debug|Any CPU.Build.0 = Debug|Any CPU
		{C3791BE6-6CEF-457B-9740-8A0A702550B6}.Release|Any CPU.ActiveCfg = Release|Any CPU
		{C3791BE6-6CEF-457B-9740-8A0A702550B6}.Release|Any CPU.Build.0 = Release|Any CPU
		{16B54D82-C34A-4612-B54D-451F99D9ACF3}.Debug|Any CPU.ActiveCfg = Debug|Any CPU
		{16B54D82-C34A-4612-B54D-451F99D9ACF3}.Debug|Any CPU.Build.0 = Debug|Any CPU
		{16B54D82-C34A-4612-B54D-451F99D9ACF3}.Release|Any CPU.ActiveCfg = Release|Any CPU
		{16B54D82-C34A-4612-B54D-451F99D9ACF3}.Release|Any CPU.Build.0 = Release|Any CPU
		{859AE484-222F-40A3-85BB-A77A78A2CA21}.Debug|Any CPU.ActiveCfg = Debug|Any CPU
		{859AE484-222F-40A3-85BB-A77A78A2CA21}.Debug|Any CPU.Build.0 = Debug|Any CPU
		{859AE484-222F-40A3-85BB-A77A78A2CA21}.Release|Any CPU.ActiveCfg = Release|Any CPU
		{859AE484-222F-40A3-85BB-A77A78A2CA21}.Release|Any CPU.Build.0 = Release|Any CPU
	EndGlobalSection
	GlobalSection(SolutionProperties) = preSolution
		HideSolutionNode = FALSE
	EndGlobalSection
	GlobalSection(ExtensibilityGlobals) = postSolution
		SolutionGuid = {B2F03385-9D34-405A-AB6B-AC3CDE252AB4}
	EndGlobalSection
EndGlobal
